
Microsoft Visual Studio Solution File, Format Version 12.00
Project("{FAE04EC0-301F-11D3-BF4B-00C04F79EFBC}") = "ServerExample", "ServerExample\ServerExample.csproj", "{7A7FDA35-51E3-456E-A528-C69DC1F687E7}"
EndProject
Project("{FAE04EC0-301F-11D3-BF4B-00C04F79EFBC}") = "ClientExample", "ClientExample\ClientExample.csproj", "{DD810F05-3F93-4FE1-BA8A-206D538EE4E9}"
EndProject
Project("{FAE04EC0-301F-11D3-BF4B-00C04F79EFBC}") = "pNetworkStack", "pNetworkStack\pNetworkStack.csproj", "{57705FAA-3F9B-4883-A74F-6C68B3F33E03}"
EndProject
Project("{FAE04EC0-301F-11D3-BF4B-00C04F79EFBC}") = "UDPServerLobbyExample", "UDPServerLobbyExample\UDPServerLobbyExample.csproj", "{3E9AB385-3D48-4445-A5B1-75E011FAE8F8}"
EndProject
Project("{FAE04EC0-301F-11D3-BF4B-00C04F79EFBC}") = "UDPClientExample", "UDPClientExample\UDPClientExample.csproj", "{91DA0B35-12BB-47B2-9A90-6075ABA82359}"
EndProject
Project("{FAE04EC0-301F-11D3-BF4B-00C04F79EFBC}") = "UDPHolePunchTest", "UDPHolePunchTest\UDPHolePunchTest.csproj", "{331AD8A4-4769-4E90-BA5D-C916A966F5B3}"
EndProject
Project("{FAE04EC0-301F-11D3-BF4B-00C04F79EFBC}") = "UDPHolePunchClientTest", "UDPHolePunchClientTest\UDPHolePunchClientTest.csproj", "{8493856F-4B3F-41FF-87A5-13DE0B9B2941}"
EndProject
Global
	GlobalSection(SolutionConfigurationPlatforms) = preSolution
		Debug|Any CPU = Debug|Any CPU
		Release|Any CPU = Release|Any CPU
	EndGlobalSection
	GlobalSection(ProjectConfigurationPlatforms) = postSolution
		{7A7FDA35-51E3-456E-A528-C69DC1F687E7}.Debug|Any CPU.ActiveCfg = Debug|Any CPU
		{7A7FDA35-51E3-456E-A528-C69DC1F687E7}.Debug|Any CPU.Build.0 = Debug|Any CPU
		{7A7FDA35-51E3-456E-A528-C69DC1F687E7}.Release|Any CPU.ActiveCfg = Release|Any CPU
		{7A7FDA35-51E3-456E-A528-C69DC1F687E7}.Release|Any CPU.Build.0 = Release|Any CPU
		{DD810F05-3F93-4FE1-BA8A-206D538EE4E9}.Debug|Any CPU.ActiveCfg = Debug|Any CPU
		{DD810F05-3F93-4FE1-BA8A-206D538EE4E9}.Debug|Any CPU.Build.0 = Debug|Any CPU
		{DD810F05-3F93-4FE1-BA8A-206D538EE4E9}.Release|Any CPU.ActiveCfg = Release|Any CPU
		{DD810F05-3F93-4FE1-BA8A-206D538EE4E9}.Release|Any CPU.Build.0 = Release|Any CPU
		{57705FAA-3F9B-4883-A74F-6C68B3F33E03}.Debug|Any CPU.ActiveCfg = Debug|Any CPU
		{57705FAA-3F9B-4883-A74F-6C68B3F33E03}.Debug|Any CPU.Build.0 = Debug|Any CPU
		{57705FAA-3F9B-4883-A74F-6C68B3F33E03}.Release|Any CPU.ActiveCfg = Release|Any CPU
		{57705FAA-3F9B-4883-A74F-6C68B3F33E03}.Release|Any CPU.Build.0 = Release|Any CPU
		{3E9AB385-3D48-4445-A5B1-75E011FAE8F8}.Debug|Any CPU.ActiveCfg = Debug|Any CPU
		{3E9AB385-3D48-4445-A5B1-75E011FAE8F8}.Debug|Any CPU.Build.0 = Debug|Any CPU
		{3E9AB385-3D48-4445-A5B1-75E011FAE8F8}.Release|Any CPU.ActiveCfg = Release|Any CPU
		{3E9AB385-3D48-4445-A5B1-75E011FAE8F8}.Release|Any CPU.Build.0 = Release|Any CPU
		{91DA0B35-12BB-47B2-9A90-6075ABA82359}.Debug|Any CPU.ActiveCfg = Debug|Any CPU
		{91DA0B35-12BB-47B2-9A90-6075ABA82359}.Debug|Any CPU.Build.0 = Debug|Any CPU
		{91DA0B35-12BB-47B2-9A90-6075ABA82359}.Release|Any CPU.ActiveCfg = Release|Any CPU
		{91DA0B35-12BB-47B2-9A90-6075ABA82359}.Release|Any CPU.Build.0 = Release|Any CPU
		{331AD8A4-4769-4E90-BA5D-C916A966F5B3}.Debug|Any CPU.ActiveCfg = Debug|Any CPU
		{331AD8A4-4769-4E90-BA5D-C916A966F5B3}.Debug|Any CPU.Build.0 = Debug|Any CPU
		{331AD8A4-4769-4E90-BA5D-C916A966F5B3}.Release|Any CPU.ActiveCfg = Release|Any CPU
		{331AD8A4-4769-4E90-BA5D-C916A966F5B3}.Release|Any CPU.Build.0 = Release|Any CPU
		{8493856F-4B3F-41FF-87A5-13DE0B9B2941}.Debug|Any CPU.ActiveCfg = Debug|Any CPU
		{8493856F-4B3F-41FF-87A5-13DE0B9B2941}.Debug|Any CPU.Build.0 = Debug|Any CPU
		{8493856F-4B3F-41FF-87A5-13DE0B9B2941}.Release|Any CPU.ActiveCfg = Release|Any CPU
		{8493856F-4B3F-41FF-87A5-13DE0B9B2941}.Release|Any CPU.Build.0 = Release|Any CPU
	EndGlobalSection
EndGlobal
